
Microsoft Visual Studio Solution File, Format Version 12.00
# Visual Studio Version 17
VisualStudioVersion = 17.2.32602.215
MinimumVisualStudioVersion = 10.0.40219.1
Project("{9A19103F-16F7-4668-BE54-9A1E7A4F7556}") = "zad3", "zad3.csproj", "{56997821-4DF4-4C96-A574-B6D4C0F416B8}"
EndProject
Global
	GlobalSection(SolutionConfigurationPlatforms) = preSolution
		Debug|Any CPU = Debug|Any CPU
		Release|Any CPU = Release|Any CPU
	EndGlobalSection
	GlobalSection(ProjectConfigurationPlatforms) = postSolution
		{56997821-4DF4-4C96-A574-B6D4C0F416B8}.Debug|Any CPU.ActiveCfg = Debug|Any CPU
		{56997821-4DF4-4C96-A574-B6D4C0F416B8}.Debug|Any CPU.Build.0 = Debug|Any CPU
		{56997821-4DF4-4C96-A574-B6D4C0F416B8}.Release|Any CPU.ActiveCfg = Release|Any CPU
		{56997821-4DF4-4C96-A574-B6D4C0F416B8}.Release|Any CPU.Build.0 = Release|Any CPU
	EndGlobalSection
	GlobalSection(SolutionProperties) = preSolution
		HideSolutionNode = FALSE
	EndGlobalSection
	GlobalSection(ExtensibilityGlobals) = postSolution
		SolutionGuid = {B19C71FC-AD39-4924-965F-A287680B3001}
	EndGlobalSection
EndGlobal
